
Microsoft Visual Studio Solution File, Format Version 12.00
# Visual Studio Version 17
VisualStudioVersion = 17.0.32112.339
MinimumVisualStudioVersion = 10.0.40219.1
Project("{FAE04EC0-301F-11D3-BF4B-00C04F79EFBC}") = "Csharp", "Csharp\Csharp.csproj", "{5C318448-68BA-485E-8478-561B3FE113E2}"
EndProject
Global
	GlobalSection(SolutionConfigurationPlatforms) = preSolution
		Debug|Any CPU = Debug|Any CPU
		Release|Any CPU = Release|Any CPU
	EndGlobalSection
	GlobalSection(ProjectConfigurationPlatforms) = postSolution
		{5C318448-68BA-485E-8478-561B3FE113E2}.Debug|Any CPU.ActiveCfg = Debug|Any CPU
		{5C318448-68BA-485E-8478-561B3FE113E2}.Debug|Any CPU.Build.0 = Debug|Any CPU
		{5C318448-68BA-485E-8478-561B3FE113E2}.Release|Any CPU.ActiveCfg = Release|Any CPU
		{5C318448-68BA-485E-8478-561B3FE113E2}.Release|Any CPU.Build.0 = Release|Any CPU
	EndGlobalSection
	GlobalSection(SolutionProperties) = preSolution
		HideSolutionNode = FALSE
	EndGlobalSection
	GlobalSection(ExtensibilityGlobals) = postSolution
		SolutionGuid = {5A5B15FA-F2C6-4E7B-9658-2B5B17374B24}
	EndGlobalSection
EndGlobal
